Microsoft Visual Studio Solution File, Format Version 11.00
# Visual Studio 2010
Project("{F184B08F-C81C-45F6-A57F-5ABD9991F28F}") = "Display Total Summaries", "Display Total Summaries\Display Total Summaries.vbproj", "{DED39BC4-BA62-456D-A0D3-61996EF6B303}"
EndProject
Global
	GlobalSection(SolutionConfigurationPlatforms) = preSolution
		Debug|Any CPU = Debug|Any CPU
		Release|Any CPU = Release|Any CPU
	EndGlobalSection
	GlobalSection(ProjectConfigurationPlatforms) = postSolution
		{DED39BC4-BA62-456D-A0D3-61996EF6B303}.Debug|Any CPU.ActiveCfg = Debug|Any CPU
		{DED39BC4-BA62-456D-A0D3-61996EF6B303}.Debug|Any CPU.Build.0 = Debug|Any CPU
		{DED39BC4-BA62-456D-A0D3-61996EF6B303}.Release|Any CPU.ActiveCfg = Release|Any CPU
		{DED39BC4-BA62-456D-A0D3-61996EF6B303}.Release|Any CPU.Build.0 = Release|Any CPU
	EndGlobalSection
	GlobalSection(SolutionProperties) = preSolution
		HideSolutionNode = FALSE
	EndGlobalSection
EndGlobal
